GEM
  remote: http://rubygems.org/
  specs:
    daemons (1.1.9)
    eventmachine (1.0.0)
    faye-websocket (0.4.6)
      eventmachine (>= 0.12.0)
    rack (1.4.1)
    serialport (1.1.0)
    thin (1.5.0)
      daemons (>= 1.0.9)
      eventmachine (>= 0.12.6)
      rack (>= 1.0.0)

PLATFORMS
  ruby

DEPENDENCIES
  faye-websocket
  serialport
  thin
